
Microsoft Visual Studio Solution File, Format Version 12.00
# Visual Studio Version 17
VisualStudioVersion = 17.0.31903.59
MinimumVisualStudioVersion = 10.0.40219.1
Project("{2150E333-8FDC-42A3-9474-1A3956D46DE8}") = "src", "src", "{02EA6F4C-727D-4657-8A4F-8F76BA3FD77A}"
EndProject
Project("{FAE04EC0-301F-11D3-BF4B-00C04F79EFBC}") = "WireGuard.Shared", "src\Shared\WireGuard.Shared.csproj", "{E9589F57-1265-45F9-9D0A-F1836C341439}"
EndProject
Project("{FAE04EC0-301F-11D3-BF4B-00C04F79EFBC}") = "WireGuard.Service", "src\Service\WireGuard.Service.csproj", "{9489DADF-5266-4CFB-9EEF-796E537A4FB6}"
EndProject
Project("{FAE04EC0-301F-11D3-BF4B-00C04F79EFBC}") = "WireGuard.UI", "src\UI\WireGuard.UI.csproj", "{6826E341-7D42-497C-9045-771F92389D64}"
EndProject
Project("{2150E333-8FDC-42A3-9474-1A3956D46DE8}") = "tests", "tests", "{91A7652E-BA7D-43B2-A5C3-43C4E48160A9}"
EndProject
Project("{FAE04EC0-301F-11D3-BF4B-00C04F79EFBC}") = "WireGuard.Service.Tests", "tests\Service.Tests\WireGuard.Service.Tests.csproj", "{E251CC0F-74C0-4CFF-8E90-1934FD509F2B}"
EndProject
Project("{FAE04EC0-301F-11D3-BF4B-00C04F79EFBC}") = "WireGuard.UI.Tests", "tests\UI.Tests\WireGuard.UI.Tests.csproj", "{2DDBA822-D864-47AC-96D0-7B5336790ECA}"
EndProject
Global
	GlobalSection(SolutionConfigurationPlatforms) = preSolution
		Debug|Any CPU = Debug|Any CPU
		Release|Any CPU = Release|Any CPU
	EndGlobalSection
	GlobalSection(SolutionProperties) = preSolution
		HideSolutionNode = FALSE
	EndGlobalSection
	GlobalSection(ProjectConfigurationPlatforms) = postSolution
		{E9589F57-1265-45F9-9D0A-F1836C341439}.Debug|Any CPU.ActiveCfg = Debug|Any CPU
		{E9589F57-1265-45F9-9D0A-F1836C341439}.Debug|Any CPU.Build.0 = Debug|Any CPU
		{E9589F57-1265-45F9-9D0A-F1836C341439}.Release|Any CPU.ActiveCfg = Release|Any CPU
		{E9589F57-1265-45F9-9D0A-F1836C341439}.Release|Any CPU.Build.0 = Release|Any CPU
		{9489DADF-5266-4CFB-9EEF-796E537A4FB6}.Debug|Any CPU.ActiveCfg = Debug|Any CPU
		{9489DADF-5266-4CFB-9EEF-796E537A4FB6}.Debug|Any CPU.Build.0 = Debug|Any CPU
		{9489DADF-5266-4CFB-9EEF-796E537A4FB6}.Release|Any CPU.ActiveCfg = Release|Any CPU
		{9489DADF-5266-4CFB-9EEF-796E537A4FB6}.Release|Any CPU.Build.0 = Release|Any CPU
		{6826E341-7D42-497C-9045-771F92389D64}.Debug|Any CPU.ActiveCfg = Debug|Any CPU
		{6826E341-7D42-497C-9045-771F92389D64}.Debug|Any CPU.Build.0 = Debug|Any CPU
		{6826E341-7D42-497C-9045-771F92389D64}.Release|Any CPU.ActiveCfg = Release|Any CPU
		{6826E341-7D42-497C-9045-771F92389D64}.Release|Any CPU.Build.0 = Release|Any CPU
		{E251CC0F-74C0-4CFF-8E90-1934FD509F2B}.Debug|Any CPU.ActiveCfg = Debug|Any CPU
		{E251CC0F-74C0-4CFF-8E90-1934FD509F2B}.Debug|Any CPU.Build.0 = Debug|Any CPU
		{E251CC0F-74C0-4CFF-8E90-1934FD509F2B}.Release|Any CPU.ActiveCfg = Release|Any CPU
		{E251CC0F-74C0-4CFF-8E90-1934FD509F2B}.Release|Any CPU.Build.0 = Release|Any CPU
		{2DDBA822-D864-47AC-96D0-7B5336790ECA}.Debug|Any CPU.ActiveCfg = Debug|Any CPU
		{2DDBA822-D864-47AC-96D0-7B5336790ECA}.Debug|Any CPU.Build.0 = Debug|Any CPU
		{2DDBA822-D864-47AC-96D0-7B5336790ECA}.Release|Any CPU.ActiveCfg = Release|Any CPU
		{2DDBA822-D864-47AC-96D0-7B5336790ECA}.Release|Any CPU.Build.0 = Release|Any CPU
	EndGlobalSection
	GlobalSection(NestedProjects) = preSolution
		{E9589F57-1265-45F9-9D0A-F1836C341439} = {02EA6F4C-727D-4657-8A4F-8F76BA3FD77A}
		{9489DADF-5266-4CFB-9EEF-796E537A4FB6} = {02EA6F4C-727D-4657-8A4F-8F76BA3FD77A}
		{6826E341-7D42-497C-9045-771F92389D64} = {02EA6F4C-727D-4657-8A4F-8F76BA3FD77A}
		{E251CC0F-74C0-4CFF-8E90-1934FD509F2B} = {91A7652E-BA7D-43B2-A5C3-43C4E48160A9}
		{2DDBA822-D864-47AC-96D0-7B5336790ECA} = {91A7652E-BA7D-43B2-A5C3-43C4E48160A9}
	EndGlobalSection
EndGlobal
